// !$*UTF8*$!
{
	archiveVersion = 1;
	classes = {
	};
	objectVersion = 46;
	objects = {

/* Begin PBXBuildFile section */
		5E11ACAC1B5D8E3000CB4A35 /* PopularCharitiesViewController.m in Sources */ = {isa = PBXBuildFile; fileRef = 5E11ACAB1B5D8E3000CB4A35 /* PopularCharitiesViewController.m */; };
		5E6B042C1B443CB300AAA2FE /* main.m in Sources */ = {isa = PBXBuildFile; fileRef = 5E6B042B1B443CB300AAA2FE /* main.m */; };
		5E6B042F1B443CB300AAA2FE /* AppDelegate.m in Sources */ = {isa = PBXBuildFile; fileRef = 5E6B042E1B443CB300AAA2FE /* AppDelegate.m */; };
		5E6B043A1B443CB300AAA2FE /* Images.xcassets in Resources */ = {isa = PBXBuildFile; fileRef = 5E6B04391B443CB300AAA2FE /* Images.xcassets */; };
		5E6B045A1B44559500AAA2FE /* DetailNewsCell.m in Sources */ = {isa = PBXBuildFile; fileRef = 5E6B04591B44559500AAA2FE /* DetailNewsCell.m */; };
		5E6B04741B459BCC00AAA2FE /* MapKit.framework in Frameworks */ = {isa = PBXBuildFile; fileRef = 5E6B04731B459BCC00AAA2FE /* MapKit.framework */; };
		5E6F236F1B60065000BA0085 /* cover_image.jpg in Resources */ = {isa = PBXBuildFile; fileRef = 5E6F236E1B60065000BA0085 /* cover_image.jpg */; };
		5E6F23741B60486300BA0085 /* pusheen2.png in Resources */ = {isa = PBXBuildFile; fileRef = 5E6F23701B60486300BA0085 /* pusheen2.png */; };
		5E6F23751B60486300BA0085 /* pusheen4.png in Resources */ = {isa = PBXBuildFile; fileRef = 5E6F23711B60486300BA0085 /* pusheen4.png */; };
		5E6F23761B60486300BA0085 /* pusheen1.png in Resources */ = {isa = PBXBuildFile; fileRef = 5E6F23721B60486300BA0085 /* pusheen1.png */; };
		5E6F23771B60486300BA0085 /* pusheen3.png in Resources */ = {isa = PBXBuildFile; fileRef = 5E6F23731B60486300BA0085 /* pusheen3.png */; };
		5E6F237F1B6054BF00BA0085 /* pusheen_hp4.png in Resources */ = {isa = PBXBuildFile; fileRef = 5E6F23791B6054BF00BA0085 /* pusheen_hp4.png */; };
		5E6F23801B6054BF00BA0085 /* pusheen_hp5.png in Resources */ = {isa = PBXBuildFile; fileRef = 5E6F237A1B6054BF00BA0085 /* pusheen_hp5.png */; };
		5E6F23811B6054BF00BA0085 /* pusheen_hp3.png in Resources */ = {isa = PBXBuildFile; fileRef = 5E6F237B1B6054BF00BA0085 /* pusheen_hp3.png */; };
		5E6F23821B6054BF00BA0085 /* pusheen_hp6.png in Resources */ = {isa = PBXBuildFile; fileRef = 5E6F237C1B6054BF00BA0085 /* pusheen_hp6.png */; };
		5E6F23831B6054BF00BA0085 /* pusheen_hp2.png in Resources */ = {isa = PBXBuildFile; fileRef = 5E6F237D1B6054BF00BA0085 /* pusheen_hp2.png */; };
		5E6F23841B6054BF00BA0085 /* pusheen_hp1.png in Resources */ = {isa = PBXBuildFile; fileRef = 5E6F237E1B6054BF00BA0085 /* pusheen_hp1.png */; };
		5E6F23861B6057DF00BA0085 /* pusheen_sad.png in Resources */ = {isa = PBXBuildFile; fileRef = 5E6F23851B6057DF00BA0085 /* pusheen_sad.png */; };
		5E6F23881B605A2300BA0085 /* pusheen_happy.png in Resources */ = {isa = PBXBuildFile; fileRef = 5E6F23871B605A2300BA0085 /* pusheen_happy.png */; };
		5E6F238A1B605A2700BA0085 /* pusheen_angry.png in Resources */ = {isa = PBXBuildFile; fileRef = 5E6F23891B605A2700BA0085 /* pusheen_angry.png */; };
		5E8953921B611195005142D2 /* PopularCell.m in Sources */ = {isa = PBXBuildFile; fileRef = 5E8953911B611195005142D2 /* PopularCell.m */; };
		5E8953CE1B61473C005142D2 /* type_welfare.png in Resources */ = {isa = PBXBuildFile; fileRef = 5E8953C91B61473C005142D2 /* type_welfare.png */; };
		5E8953CF1B61473C005142D2 /* type_religion.png in Resources */ = {isa = PBXBuildFile; fileRef = 5E8953CA1B61473C005142D2 /* type_religion.png */; };
		5E8953D01B61473C005142D2 /* type_community.png in Resources */ = {isa = PBXBuildFile; fileRef = 5E8953CB1B61473C005142D2 /* type_community.png */; };
		5E8953D11B61473C005142D2 /* type_health.png in Resources */ = {isa = PBXBuildFile; fileRef = 5E8953CC1B61473C005142D2 /* type_health.png */; };
		5E8953D21B61473C005142D2 /* type_education.png in Resources */ = {isa = PBXBuildFile; fileRef = 5E8953CD1B61473C005142D2 /* type_education.png */; };
		5E8953D61B61551E005142D2 /* PopularDetailViewController.m in Sources */ = {isa = PBXBuildFile; fileRef = 5E8953D51B61551E005142D2 /* PopularDetailViewController.m */; };
		5E8953DB1B61C3A8005142D2 /* OptionMenuController.m in Sources */ = {isa = PBXBuildFile; fileRef = 5E8953DA1B61C3A8005142D2 /* OptionMenuController.m */; };
		5E8953E01B628910005142D2 /* launch_icon.jpg in Resources */ = {isa = PBXBuildFile; fileRef = 5E8953DF1B628910005142D2 /* launch_icon.jpg */; };
		5E8953E21B628FE6005142D2 /* icon-close.pdf in Resources */ = {isa = PBXBuildFile; fileRef = 5E8953E11B628FE6005142D2 /* icon-close.pdf */; };
		5E8953F31B66D30C005142D2 /* profile.png in Resources */ = {isa = PBXBuildFile; fileRef = 5E8953EF1B66D30C005142D2 /* profile.png */; };
		5E8953F41B66D30C005142D2 /* suggested.png in Resources */ = {isa = PBXBuildFile; fileRef = 5E8953F01B66D30C005142D2 /* suggested.png */; };
		5E8953F51B66D30C005142D2 /* home.png in Resources */ = {isa = PBXBuildFile; fileRef = 5E8953F11B66D30C005142D2 /* home.png */; };
		5E8953F81B66D55F005142D2 /* UIImage+ResizedIcon.m in Sources */ = {isa = PBXBuildFile; fileRef = 5E8953F71B66D55F005142D2 /* UIImage+ResizedIcon.m */; };
		5E8953FA1B66D935005142D2 /* news.png in Resources */ = {isa = PBXBuildFile; fileRef = 5E8953F91B66D935005142D2 /* news.png */; };
		5E8953FD1B66F0AC005142D2 /* FeedCategory.m in Sources */ = {isa = PBXBuildFile; fileRef = 5E8953FC1B66F0AC005142D2 /* FeedCategory.m */; };
		5E8954971B6803AB005142D2 /* HeaderView.m in Sources */ = {isa = PBXBuildFile; fileRef = 5E8954961B6803AB005142D2 /* HeaderView.m */; };
		5E8954991B680DCF005142D2 /* hands_two.jpg in Resources */ = {isa = PBXBuildFile; fileRef = 5E8954981B680DCF005142D2 /* hands_two.jpg */; };
		5E8CB9211B596C8E008DCA9D /* ForgotPswdViewController.m in Sources */ = {isa = PBXBuildFile; fileRef = 5E8CB9201B596C8E008DCA9D /* ForgotPswdViewController.m */; };
		5E8CB9221B597236008DCA9D /* Main.storyboard in Resources */ = {isa = PBXBuildFile; fileRef = 5E6B04361B443CB300AAA2FE /* Main.storyboard */; };
		5E8CB9231B597289008DCA9D /* LaunchScreen.xib in Resources */ = {isa = PBXBuildFile; fileRef = 5E6B043B1B443CB300AAA2FE /* LaunchScreen.xib */; };
		5E8CB9351B59782F008DCA9D /* GTMNSString+HTML.m in Sources */ = {isa = PBXBuildFile; fileRef = 5E8CB9251B59782F008DCA9D /* GTMNSString+HTML.m */; };
		5E8CB9361B59782F008DCA9D /* MWFeedInfo.m in Sources */ = {isa = PBXBuildFile; fileRef = 5E8CB9271B59782F008DCA9D /* MWFeedInfo.m */; };
		5E8CB9371B59782F008DCA9D /* MWFeedItem.m in Sources */ = {isa = PBXBuildFile; fileRef = 5E8CB9291B59782F008DCA9D /* MWFeedItem.m */; };
		5E8CB9381B59782F008DCA9D /* MWFeedParser.m in Sources */ = {isa = PBXBuildFile; fileRef = 5E8CB92C1B59782F008DCA9D /* MWFeedParser.m */; };
		5E8CB9391B59782F008DCA9D /* MWFeedParserAppDelegate.m in Sources */ = {isa = PBXBuildFile; fileRef = 5E8CB92E1B59782F008DCA9D /* MWFeedParserAppDelegate.m */; };
		5E8CB93A1B59782F008DCA9D /* NSDate+InternetDateTime.m in Sources */ = {isa = PBXBuildFile; fileRef = 5E8CB9301B59782F008DCA9D /* NSDate+InternetDateTime.m */; };
		5E8CB93B1B59782F008DCA9D /* NSString+HTML.m in Sources */ = {isa = PBXBuildFile; fileRef = 5E8CB9321B59782F008DCA9D /* NSString+HTML.m */; };
		5E8CB93C1B59782F008DCA9D /* NSString+XMLEntities.m in Sources */ = {isa = PBXBuildFile; fileRef = 5E8CB9341B59782F008DCA9D /* NSString+XMLEntities.m */; };
		5EA13ACA1B59D5F00098CD64 /* NewsDetailViewController.m in Sources */ = {isa = PBXBuildFile; fileRef = 5EA13AC91B59D5F00098CD64 /* NewsDetailViewController.m */; };
		5EA13ACD1B59D6EC0098CD64 /* NewsListViewController.m in Sources */ = {isa = PBXBuildFile; fileRef = 5EA13ACC1B59D6EC0098CD64 /* NewsListViewController.m */; };
		5EA13AD01B59DAE00098CD64 /* NewsListCell.m in Sources */ = {isa = PBXBuildFile; fileRef = 5EA13ACF1B59DAE00098CD64 /* NewsListCell.m */; };
		5EA13AD31B59E5830098CD64 /* NewsMainViewController.m in Sources */ = {isa = PBXBuildFile; fileRef = 5EA13AD21B59E5830098CD64 /* NewsMainViewController.m */; };
		5EA13AD91B5B03BC0098CD64 /* UIColor+ListCellColor.m in Sources */ = {isa = PBXBuildFile; fileRef = 5EA13AD81B5B03BC0098CD64 /* UIColor+ListCellColor.m */; };
		5EA13AE51B5B239F0098CD64 /* UIColor+ButtonColor.m in Sources */ = {isa = PBXBuildFile; fileRef = 5EA13ADB1B5B239F0098CD64 /* UIColor+ButtonColor.m */; };
		5EA13AE61B5B239F0098CD64 /* FloatingButton.m in Sources */ = {isa = PBXBuildFile; fileRef = 5EA13ADD1B5B239F0098CD64 /* FloatingButton.m */; };
		5EA13AE71B5B239F0098CD64 /* FloatingMenuController.m in Sources */ = {isa = PBXBuildFile; fileRef = 5EA13ADF1B5B239F0098CD64 /* FloatingMenuController.m */; };
		5EA13AE91B5B239F0098CD64 /* TapReceiverViewController.m in Sources */ = {isa = PBXBuildFile; fileRef = 5EA13AE41B5B239F0098CD64 /* TapReceiverViewController.m */; };
		5EBAAED41B5EF45A002F34B2 /* SavedArticle.m in Sources */ = {isa = PBXBuildFile; fileRef = 5EBAAED31B5EF45A002F34B2 /* SavedArticle.m */; };
		5ED314111B5DA545007F999B /* colour_tree.jpg in Resources */ = {isa = PBXBuildFile; fileRef = 5ED314101B5DA545007F999B /* colour_tree.jpg */; };
		5ED314131B5DA945007F999B /* hand_earth.png in Resources */ = {isa = PBXBuildFile; fileRef = 5ED314121B5DA945007F999B /* hand_earth.png */; };
		5ED314151B5DB551007F999B /* many_hands.jpg in Resources */ = {isa = PBXBuildFile; fileRef = 5ED314141B5DB551007F999B /* many_hands.jpg */; };
		5ED314171B5DCC14007F999B /* hands_tree.png in Resources */ = {isa = PBXBuildFile; fileRef = 5ED314161B5DCC14007F999B /* hands_tree.png */; };
		5ED314191B5DD3D9007F999B /* convo_box.png in Resources */ = {isa = PBXBuildFile; fileRef = 5ED314181B5DD3D9007F999B /* convo_box.png */; };
		5EDC94A31B5420FF007C0EE8 /* SignUpViewController.m in Sources */ = {isa = PBXBuildFile; fileRef = 5EDC94A21B5420FF007C0EE8 /* SignUpViewController.m */; };
		5EDC94AA1B5422FE007C0EE8 /* Bolts.framework in Frameworks */ = {isa = PBXBuildFile; fileRef = 5EDC94A41B5422FE007C0EE8 /* Bolts.framework */; };
		5EDC94AB1B5422FE007C0EE8 /* Parse.framework in Frameworks */ = {isa = PBXBuildFile; fileRef = 5EDC94A51B5422FE007C0EE8 /* Parse.framework */; };
		5EDC94AC1B5422FE007C0EE8 /* ParseCrashReporting.framework in Frameworks */ = {isa = PBXBuildFile; fileRef = 5EDC94A61B5422FE007C0EE8 /* ParseCrashReporting.framework */; };
		5EDC94B21B542532007C0EE8 /* ProfileViewController.m in Sources */ = {isa = PBXBuildFile; fileRef = 5EDC94B11B542532007C0EE8 /* ProfileViewController.m */; };
		5EDC94B51B543DCF007C0EE8 /* User.m in Sources */ = {isa = PBXBuildFile; fileRef = 5EDC94B41B543DCF007C0EE8 /* User.m */; };
		5EDC94B71B545799007C0EE8 /* CoreData.framework in Frameworks */ = {isa = PBXBuildFile; fileRef = 5EDC94B61B545799007C0EE8 /* CoreData.framework */; };
		5EDC94BF1B54598F007C0EE8 /* SystemConfiguration.framework in Frameworks */ = {isa = PBXBuildFile; fileRef = 5EDC94BE1B54598F007C0EE8 /* SystemConfiguration.framework */; };
		5EDC94C11B545998007C0EE8 /* Security.framework in Frameworks */ = {isa = PBXBuildFile; fileRef = 5EDC94C01B545998007C0EE8 /* Security.framework */; };
		5EDC94C31B5459AD007C0EE8 /* libsqlite3.dylib in Frameworks */ = {isa = PBXBuildFile; fileRef = 5EDC94C21B5459AD007C0EE8 /* libsqlite3.dylib */; };
		5EDC94C71B546805007C0EE8 /* AssetsLibrary.framework in Frameworks */ = {isa = PBXBuildFile; fileRef = 5EDC94C61B546805007C0EE8 /* AssetsLibrary.framework */; };
		5EDC94C91B547433007C0EE8 /* default_user.png in Resources */ = {isa = PBXBuildFile; fileRef = 5EDC94C81B547433007C0EE8 /* default_user.png */; };
		5EDC94CC1B548C5A007C0EE8 /* LoginViewController.m in Sources */ = {isa = PBXBuildFile; fileRef = 5EDC94CB1B548C5A007C0EE8 /* LoginViewController.m */; };
		5EDC94D21B554297007C0EE8 /* HomeViewController.m in Sources */ = {isa = PBXBuildFile; fileRef = 5EDC94D11B554297007C0EE8 /* HomeViewController.m */; };
		5EDC94D41B55AA46007C0EE8 /* heart.png in Resources */ = {isa = PBXBuildFile; fileRef = 5EDC94D31B55AA46007C0EE8 /* heart.png */; };
		FA52075E1B602F4F00D93AC6 /* CharityStoryboard.storyboard in Resources */ = {isa = PBXBuildFile; fileRef = FA52075D1B602F4F00D93AC6 /* CharityStoryboard.storyboard */; };
		FA5207611B60306400D93AC6 /* CharityDetailViewController.m in Sources */ = {isa = PBXBuildFile; fileRef = FA5207601B60306400D93AC6 /* CharityDetailViewController.m */; };
		FA8E4FCC1B6827DB00FE9B64 /* AudioToolbox.framework in Frameworks */ = {isa = PBXBuildFile; fileRef = 5EDC94C41B5459EB007C0EE8 /* AudioToolbox.framework */; };
		FA8E501E1B6AB02700FE9B64 /* ActionViewController.m in Sources */ = {isa = PBXBuildFile; fileRef = FA8E501D1B6AB02700FE9B64 /* ActionViewController.m */; };
		FA8E50201B6AB02700FE9B64 /* MainInterface.storyboard in Resources */ = {isa = PBXBuildFile; fileRef = FA8E501F1B6AB02700FE9B64 /* MainInterface.storyboard */; };
		FA8E50231B6AB02700FE9B64 /* DoSomethingAction.appex in Embed App Extensions */ = {isa = PBXBuildFile; fileRef = FA8E50181B6AB02700FE9B64 /* DoSomethingAction.appex */; settings = {ATTRIBUTES = (RemoveHeadersOnCopy, ); }; };
		FA8E502A1B6AD1BF00FE9B64 /* CharityCell.m in Sources */ = {isa = PBXBuildFile; fileRef = FA8E50291B6AD1BF00FE9B64 /* CharityCell.m */; };
		FA8E502D1B6BD74B00FE9B64 /* CharityRanker.m in Sources */ = {isa = PBXBuildFile; fileRef = FA8E502C1B6BD74B00FE9B64 /* CharityRanker.m */; };
		FAA614B51B6C200E00CC95F1 /* Parse.framework in Frameworks */ = {isa = PBXBuildFile; fileRef = 5EDC94A51B5422FE007C0EE8 /* Parse.framework */; };
		FAA614B61B6C202100CC95F1 /* Bolts.framework in Frameworks */ = {isa = PBXBuildFile; fileRef = 5EDC94A41B5422FE007C0EE8 /* Bolts.framework */; };
		FAA614B81B6C21A800CC95F1 /* NewsItem.m in Sources */ = {isa = PBXBuildFile; fileRef = FAD7B9261B5D9C50002919E5 /* NewsItem.m */; };
		FAA614B91B6C21C200CC95F1 /* libsqlite3.dylib in Frameworks */ = {isa = PBXBuildFile; fileRef = 5EDC94C21B5459AD007C0EE8 /* libsqlite3.dylib */; };
		FAA614BA1B6C21C800CC95F1 /* AudioToolbox.framework in Frameworks */ = {isa = PBXBuildFile; fileRef = 5EDC94C41B5459EB007C0EE8 /* AudioToolbox.framework */; };
		FAA614BB1B6C21CE00CC95F1 /* SystemConfiguration.framework in Frameworks */ = {isa = PBXBuildFile; fileRef = 5EDC94BE1B54598F007C0EE8 /* SystemConfiguration.framework */; };
		FAA614BC1B6C21DB00CC95F1 /* Foundation.framework in Frameworks */ = {isa = PBXBuildFile; fileRef = 5EDC94BC1B545908007C0EE8 /* Foundation.framework */; };
		FAA614BD1B6C21DB00CC95F1 /* QuartzCore.framework in Frameworks */ = {isa = PBXBuildFile; fileRef = 5EDC94BA1B5458E7007C0EE8 /* QuartzCore.framework */; };
		FAA614BE1B6C21DB00CC95F1 /* CoreImage.framework in Frameworks */ = {isa = PBXBuildFile; fileRef = 5EDC94B81B5458DC007C0EE8 /* CoreImage.framework */; };
		FAA614BF1B6C21DB00CC95F1 /* CoreData.framework in Frameworks */ = {isa = PBXBuildFile; fileRef = 5EDC94B61B545799007C0EE8 /* CoreData.framework */; };
		FAA614C01B6C21DB00CC95F1 /* ParseCrashReporting.framework in Frameworks */ = {isa = PBXBuildFile; fileRef = 5EDC94A61B5422FE007C0EE8 /* ParseCrashReporting.framework */; };
		FAA614C11B6C21DB00CC95F1 /* MapKit.framework in Frameworks */ = {isa = PBXBuildFile; fileRef = 5E6B04731B459BCC00AAA2FE /* MapKit.framework */; };
		FAA614C21B6C28D900CC95F1 /* Charity.m in Sources */ = {isa = PBXBuildFile; fileRef = FABC0F3C1B5D4DF70025C851 /* Charity.m */; };
		FABC0F3D1B5D4DF70025C851 /* Charity.m in Sources */ = {isa = PBXBuildFile; fileRef = FABC0F3C1B5D4DF70025C851 /* Charity.m */; };
		FABC0F401B5D50390025C851 /* CharityData.m in Sources */ = {isa = PBXBuildFile; fileRef = FABC0F3F1B5D50390025C851 /* CharityData.m */; };
		FAD7B9271B5D9C50002919E5 /* NewsItem.m in Sources */ = {isa = PBXBuildFile; fileRef = FAD7B9261B5D9C50002919E5 /* NewsItem.m */; };
		FAE36E301B71661B00C235EA /* CharityRanker.m in Sources */ = {isa = PBXBuildFile; fileRef = FA8E502C1B6BD74B00FE9B64 /* CharityRanker.m */; };
		FAE3C4BF1B68259600F822D4 /* CoreAudio.framework in Frameworks */ = {isa = PBXBuildFile; fileRef = FAE3C4BD1B6824FA00F822D4 /* CoreAudio.framework */; settings = {ATTRIBUTES = (Required, ); }; };
/* End PBXBuildFile section */

/* Begin PBXContainerItemProxy section */
		FA8E50211B6AB02700FE9B64 /* PBXContainerItemProxy */ = {
			isa = PBXContainerItemProxy;
			containerPortal = 5E6B041E1B443CB300AAA2FE /* Project object */;
			proxyType = 1;
			remoteGlobalIDString = FA8E50171B6AB02700FE9B64;
			remoteInfo = DoSomethingAction;
		};
/* End PBXContainerItemProxy section */

/* Begin PBXCopyFilesBuildPhase section */
		FA8E50271B6AB02700FE9B64 /* Embed App Extensions */ = {
			isa = PBXCopyFilesBuildPhase;
			buildActionMask = 2147483647;
			dstPath = "";
			dstSubfolderSpec = 13;
			files = (
				FA8E50231B6AB02700FE9B64 /* DoSomethingAction.appex in Embed App Extensions */,
			);
			name = "Embed App Extensions";
			runOnlyForDeploymentPostprocessing = 0;
		};
/* End PBXCopyFilesBuildPhase section */

/* Begin PBXFileReference section */
		5E11ACAA1B5D8E3000CB4A35 /* PopularCharitiesViewController.h */ = {isa = PBXFileReference; fileEncoding = 4; lastKnownFileType = sourcecode.c.h; path = PopularCharitiesViewController.h; sourceTree = "<group>"; };
		5E11ACAB1B5D8E3000CB4A35 /* PopularCharitiesViewController.m */ = {isa = PBXFileReference; fileEncoding = 4; lastKnownFileType = sourcecode.c.objc; path = PopularCharitiesViewController.m; sourceTree = "<group>"; };
		5E6B04261B443CB300AAA2FE /* Charity Search.app */ = {isa = PBXFileReference; explicitFileType = wrapper.application; includeInIndex = 0; path = "Charity Search.app"; sourceTree = BUILT_PRODUCTS_DIR; };
		5E6B042A1B443CB300AAA2FE /* Info.plist */ = {isa = PBXFileReference; lastKnownFileType = text.plist.xml; path = Info.plist; sourceTree = "<group>"; };
		5E6B042B1B443CB300AAA2FE /* main.m */ = {isa = PBXFileReference; lastKnownFileType = sourcecode.c.objc; path = main.m; sourceTree = "<group>"; };
		5E6B042D1B443CB300AAA2FE /* AppDelegate.h */ = {isa = PBXFileReference; lastKnownFileType = sourcecode.c.h; path = AppDelegate.h; sourceTree = "<group>"; };
		5E6B042E1B443CB300AAA2FE /* AppDelegate.m */ = {isa = PBXFileReference; lastKnownFileType = sourcecode.c.objc; path = AppDelegate.m; sourceTree = "<group>"; };
		5E6B04371B443CB300AAA2FE /* Base */ = {isa = PBXFileReference; lastKnownFileType = file.storyboard; name = Base; path = Base.lproj/Main.storyboard; sourceTree = "<group>"; };
		5E6B04391B443CB300AAA2FE /* Images.xcassets */ = {isa = PBXFileReference; lastKnownFileType = folder.assetcatalog; path = Images.xcassets; sourceTree = "<group>"; };
		5E6B043C1B443CB300AAA2FE /* Base */ = {isa = PBXFileReference; lastKnownFileType = file.xib; name = Base; path = Base.lproj/LaunchScreen.xib; sourceTree = "<group>"; };
		5E6B04471B443CB300AAA2FE /* Info.plist */ = {isa = PBXFileReference; lastKnownFileType = text.plist.xml; path = Info.plist; sourceTree = "<group>"; };
		5E6B04481B443CB300AAA2FE /* Rotten_MangoesTests.m */ = {isa = PBXFileReference; lastKnownFileType = sourcecode.c.objc; path = Rotten_MangoesTests.m; sourceTree = "<group>"; };
		5E6B04581B44559500AAA2FE /* DetailNewsCell.h */ = {isa = PBXFileReference; fileEncoding = 4; lastKnownFileType = sourcecode.c.h; path = DetailNewsCell.h; sourceTree = "<group>"; };
		5E6B04591B44559500AAA2FE /* DetailNewsCell.m */ = {isa = PBXFileReference; fileEncoding = 4; lastKnownFileType = sourcecode.c.objc; path = DetailNewsCell.m; sourceTree = "<group>"; };
		5E6B04731B459BCC00AAA2FE /* MapKit.framework */ = {isa = PBXFileReference; lastKnownFileType = wrapper.framework; name = MapKit.framework; path = System/Library/Frameworks/MapKit.framework; sourceTree = SDKROOT; };
		5E6F236B1B5FFC6700BA0085 /* LoginAnimateDelegate.h */ = {isa = PBXFileReference; fileEncoding = 4; lastKnownFileType = sourcecode.c.h; path = LoginAnimateDelegate.h; sourceTree = "<group>"; };
		5E6F236E1B60065000BA0085 /* cover_image.jpg */ = {isa = PBXFileReference; lastKnownFileType = image.jpeg; path = cover_image.jpg; sourceTree = "<group>"; };
		5E6F23701B60486300BA0085 /* pusheen2.png */ = {isa = PBXFileReference; lastKnownFileType = image.png; path = pusheen2.png; sourceTree = "<group>"; };
		5E6F23711B60486300BA0085 /* pusheen4.png */ = {isa = PBXFileReference; lastKnownFileType = image.png; path = pusheen4.png; sourceTree = "<group>"; };
		5E6F23721B60486300BA0085 /* pusheen1.png */ = {isa = PBXFileReference; lastKnownFileType = image.png; path = pusheen1.png; sourceTree = "<group>"; };
		5E6F23731B60486300BA0085 /* pusheen3.png */ = {isa = PBXFileReference; lastKnownFileType = image.png; path = pusheen3.png; sourceTree = "<group>"; };
		5E6F23791B6054BF00BA0085 /* pusheen_hp4.png */ = {isa = PBXFileReference; lastKnownFileType = image.png; path = pusheen_hp4.png; sourceTree = "<group>"; };
		5E6F237A1B6054BF00BA0085 /* pusheen_hp5.png */ = {isa = PBXFileReference; lastKnownFileType = image.png; path = pusheen_hp5.png; sourceTree = "<group>"; };
		5E6F237B1B6054BF00BA0085 /* pusheen_hp3.png */ = {isa = PBXFileReference; lastKnownFileType = image.png; path = pusheen_hp3.png; sourceTree = "<group>"; };
		5E6F237C1B6054BF00BA0085 /* pusheen_hp6.png */ = {isa = PBXFileReference; lastKnownFileType = image.png; path = pusheen_hp6.png; sourceTree = "<group>"; };
		5E6F237D1B6054BF00BA0085 /* pusheen_hp2.png */ = {isa = PBXFileReference; lastKnownFileType = image.png; path = pusheen_hp2.png; sourceTree = "<group>"; };
		5E6F237E1B6054BF00BA0085 /* pusheen_hp1.png */ = {isa = PBXFileReference; lastKnownFileType = image.png; path = pusheen_hp1.png; sourceTree = "<group>"; };
		5E6F23851B6057DF00BA0085 /* pusheen_sad.png */ = {isa = PBXFileReference; lastKnownFileType = image.png; path = pusheen_sad.png; sourceTree = "<group>"; };
		5E6F23871B605A2300BA0085 /* pusheen_happy.png */ = {isa = PBXFileReference; lastKnownFileType = image.png; path = pusheen_happy.png; sourceTree = "<group>"; };
		5E6F23891B605A2700BA0085 /* pusheen_angry.png */ = {isa = PBXFileReference; lastKnownFileType = image.png; path = pusheen_angry.png; sourceTree = "<group>"; };
		5E8953901B611195005142D2 /* PopularCell.h */ = {isa = PBXFileReference; fileEncoding = 4; lastKnownFileType = sourcecode.c.h; path = PopularCell.h; sourceTree = "<group>"; };
		5E8953911B611195005142D2 /* PopularCell.m */ = {isa = PBXFileReference; fileEncoding = 4; lastKnownFileType = sourcecode.c.objc; path = PopularCell.m; sourceTree = "<group>"; };
		5E8953C91B61473C005142D2 /* type_welfare.png */ = {isa = PBXFileReference; lastKnownFileType = image.png; path = type_welfare.png; sourceTree = "<group>"; };
		5E8953CA1B61473C005142D2 /* type_religion.png */ = {isa = PBXFileReference; lastKnownFileType = image.png; path = type_religion.png; sourceTree = "<group>"; };
		5E8953CB1B61473C005142D2 /* type_community.png */ = {isa = PBXFileReference; lastKnownFileType = image.png; path = type_community.png; sourceTree = "<group>"; };
		5E8953CC1B61473C005142D2 /* type_health.png */ = {isa = PBXFileReference; lastKnownFileType = image.png; path = type_health.png; sourceTree = "<group>"; };
		5E8953CD1B61473C005142D2 /* type_education.png */ = {isa = PBXFileReference; lastKnownFileType = image.png; path = type_education.png; sourceTree = "<group>"; };
		5E8953D41B61551E005142D2 /* PopularDetailViewController.h */ = {isa = PBXFileReference; fileEncoding = 4; lastKnownFileType = sourcecode.c.h; path = PopularDetailViewController.h; sourceTree = "<group>"; };
		5E8953D51B61551E005142D2 /* PopularDetailViewController.m */ = {isa = PBXFileReference; fileEncoding = 4; lastKnownFileType = sourcecode.c.objc; path = PopularDetailViewController.m; sourceTree = "<group>"; };
		5E8953D91B61C3A8005142D2 /* OptionMenuController.h */ = {isa = PBXFileReference; fileEncoding = 4; lastKnownFileType = sourcecode.c.h; path = OptionMenuController.h; sourceTree = "<group>"; };
		5E8953DA1B61C3A8005142D2 /* OptionMenuController.m */ = {isa = PBXFileReference; fileEncoding = 4; lastKnownFileType = sourcecode.c.objc; path = OptionMenuController.m; sourceTree = "<group>"; };
		5E8953DC1B61C7D9005142D2 /* CharitySortDelegate.h */ = {isa = PBXFileReference; fileEncoding = 4; lastKnownFileType = sourcecode.c.h; path = CharitySortDelegate.h; sourceTree = "<group>"; };
		5E8953DF1B628910005142D2 /* launch_icon.jpg */ = {isa = PBXFileReference; lastKnownFileType = image.jpeg; path = launch_icon.jpg; sourceTree = "<group>"; };
		5E8953E11B628FE6005142D2 /* icon-close.pdf */ = {isa = PBXFileReference; lastKnownFileType = image.pdf; path = "icon-close.pdf"; sourceTree = "<group>"; };
		5E8953EF1B66D30C005142D2 /* profile.png */ = {isa = PBXFileReference; lastKnownFileType = image.png; path = profile.png; sourceTree = "<group>"; };
		5E8953F01B66D30C005142D2 /* suggested.png */ = {isa = PBXFileReference; lastKnownFileType = image.png; path = suggested.png; sourceTree = "<group>"; };
		5E8953F11B66D30C005142D2 /* home.png */ = {isa = PBXFileReference; lastKnownFileType = image.png; path = home.png; sourceTree = "<group>"; };
		5E8953F61B66D55F005142D2 /* UIImage+ResizedIcon.h */ = {isa = PBXFileReference; fileEncoding = 4; lastKnownFileType = sourcecode.c.h; path = "UIImage+ResizedIcon.h"; sourceTree = "<group>"; };
		5E8953F71B66D55F005142D2 /* UIImage+ResizedIcon.m */ = {isa = PBXFileReference; fileEncoding = 4; lastKnownFileType = sourcecode.c.objc; path = "UIImage+ResizedIcon.m"; sourceTree = "<group>"; };
		5E8953F91B66D935005142D2 /* news.png */ = {isa = PBXFileReference; lastKnownFileType = image.png; path = news.png; sourceTree = "<group>"; };
		5E8953FB1B66F0AC005142D2 /* FeedCategory.h */ = {isa = PBXFileReference; fileEncoding = 4; lastKnownFileType = sourcecode.c.h; path = FeedCategory.h; sourceTree = "<group>"; };
		5E8953FC1B66F0AC005142D2 /* FeedCategory.m */ = {isa = PBXFileReference; fileEncoding = 4; lastKnownFileType = sourcecode.c.objc; path = FeedCategory.m; sourceTree = "<group>"; };
		5E8954951B6803AB005142D2 /* HeaderView.h */ = {isa = PBXFileReference; fileEncoding = 4; lastKnownFileType = sourcecode.c.h; path = HeaderView.h; sourceTree = "<group>"; };
		5E8954961B6803AB005142D2 /* HeaderView.m */ = {isa = PBXFileReference; fileEncoding = 4; lastKnownFileType = sourcecode.c.objc; path = HeaderView.m; sourceTree = "<group>"; };
		5E8954981B680DCF005142D2 /* hands_two.jpg */ = {isa = PBXFileReference; lastKnownFileType = image.jpeg; path = hands_two.jpg; sourceTree = "<group>"; };
		5E8CB91F1B596C8E008DCA9D /* ForgotPswdViewController.h */ = {isa = PBXFileReference; fileEncoding = 4; lastKnownFileType = sourcecode.c.h; path = ForgotPswdViewController.h; sourceTree = "<group>"; };
		5E8CB9201B596C8E008DCA9D /* ForgotPswdViewController.m */ = {isa = PBXFileReference; fileEncoding = 4; lastKnownFileType = sourcecode.c.objc; path = ForgotPswdViewController.m; sourceTree = "<group>"; };
		5E8CB9241B59782F008DCA9D /* GTMNSString+HTML.h */ = {isa = PBXFileReference; fileEncoding = 4; lastKnownFileType = sourcecode.c.h; path = "GTMNSString+HTML.h"; sourceTree = "<group>"; };
		5E8CB9251B59782F008DCA9D /* GTMNSString+HTML.m */ = {isa = PBXFileReference; fileEncoding = 4; lastKnownFileType = sourcecode.c.objc; path = "GTMNSString+HTML.m"; sourceTree = "<group>"; };
		5E8CB9261B59782F008DCA9D /* MWFeedInfo.h */ = {isa = PBXFileReference; fileEncoding = 4; lastKnownFileType = sourcecode.c.h; path = MWFeedInfo.h; sourceTree = "<group>"; };
		5E8CB9271B59782F008DCA9D /* MWFeedInfo.m */ = {isa = PBXFileReference; fileEncoding = 4; lastKnownFileType = sourcecode.c.objc; path = MWFeedInfo.m; sourceTree = "<group>"; };
		5E8CB9281B59782F008DCA9D /* MWFeedItem.h */ = {isa = PBXFileReference; fileEncoding = 4; lastKnownFileType = sourcecode.c.h; path = MWFeedItem.h; sourceTree = "<group>"; };
		5E8CB9291B59782F008DCA9D /* MWFeedItem.m */ = {isa = PBXFileReference; fileEncoding = 4; lastKnownFileType = sourcecode.c.objc; path = MWFeedItem.m; sourceTree = "<group>"; };
		5E8CB92A1B59782F008DCA9D /* MWFeedParser_Private.h */ = {isa = PBXFileReference; fileEncoding = 4; lastKnownFileType = sourcecode.c.h; path = MWFeedParser_Private.h; sourceTree = "<group>"; };
		5E8CB92B1B59782F008DCA9D /* MWFeedParser.h */ = {isa = PBXFileReference; fileEncoding = 4; lastKnownFileType = sourcecode.c.h; path = MWFeedParser.h; sourceTree = "<group>"; };
		5E8CB92C1B59782F008DCA9D /* MWFeedParser.m */ = {isa = PBXFileReference; fileEncoding = 4; lastKnownFileType = sourcecode.c.objc; path = MWFeedParser.m; sourceTree = "<group>"; };
		5E8CB92D1B59782F008DCA9D /* MWFeedParserAppDelegate.h */ = {isa = PBXFileReference; fileEncoding = 4; lastKnownFileType = sourcecode.c.h; path = MWFeedParserAppDelegate.h; sourceTree = "<group>"; };
		5E8CB92E1B59782F008DCA9D /* MWFeedParserAppDelegate.m */ = {isa = PBXFileReference; fileEncoding = 4; lastKnownFileType = sourcecode.c.objc; path = MWFeedParserAppDelegate.m; sourceTree = "<group>"; };
		5E8CB92F1B59782F008DCA9D /* NSDate+InternetDateTime.h */ = {isa = PBXFileReference; fileEncoding = 4; lastKnownFileType = sourcecode.c.h; path = "NSDate+InternetDateTime.h"; sourceTree = "<group>"; };
		5E8CB9301B59782F008DCA9D /* NSDate+InternetDateTime.m */ = {isa = PBXFileReference; fileEncoding = 4; lastKnownFileType = sourcecode.c.objc; path = "NSDate+InternetDateTime.m"; sourceTree = "<group>"; };
		5E8CB9311B59782F008DCA9D /* NSString+HTML.h */ = {isa = PBXFileReference; fileEncoding = 4; lastKnownFileType = sourcecode.c.h; path = "NSString+HTML.h"; sourceTree = "<group>"; };
		5E8CB9321B59782F008DCA9D /* NSString+HTML.m */ = {isa = PBXFileReference; fileEncoding = 4; lastKnownFileType = sourcecode.c.objc; path = "NSString+HTML.m"; sourceTree = "<group>"; };
		5E8CB9331B59782F008DCA9D /* NSString+XMLEntities.h */ = {isa = PBXFileReference; fileEncoding = 4; lastKnownFileType = sourcecode.c.h; path = "NSString+XMLEntities.h"; sourceTree = "<group>"; };
		5E8CB9341B59782F008DCA9D /* NSString+XMLEntities.m */ = {isa = PBXFileReference; fileEncoding = 4; lastKnownFileType = sourcecode.c.objc; path = "NSString+XMLEntities.m"; sourceTree = "<group>"; };
		5E8CB9451B599F85008DCA9D /* Key.h */ = {isa = PBXFileReference; lastKnownFileType = sourcecode.c.h; path = Key.h; sourceTree = "<group>"; };
		5EA13AC81B59D5F00098CD64 /* NewsDetailViewController.h */ = {isa = PBXFileReference; fileEncoding = 4; lastKnownFileType = sourcecode.c.h; path = NewsDetailViewController.h; sourceTree = "<group>"; };
		5EA13AC91B59D5F00098CD64 /* NewsDetailViewController.m */ = {isa = PBXFileReference; fileEncoding = 4; lastKnownFileType = sourcecode.c.objc; path = NewsDetailViewController.m; sourceTree = "<group>"; };
		5EA13ACB1B59D6EC0098CD64 /* NewsListViewController.h */ = {isa = PBXFileReference; fileEncoding = 4; lastKnownFileType = sourcecode.c.h; path = NewsListViewController.h; sourceTree = "<group>"; };
		5EA13ACC1B59D6EC0098CD64 /* NewsListViewController.m */ = {isa = PBXFileReference; fileEncoding = 4; lastKnownFileType = sourcecode.c.objc; path = NewsListViewController.m; sourceTree = "<group>"; };
		5EA13ACE1B59DAE00098CD64 /* NewsListCell.h */ = {isa = PBXFileReference; fileEncoding = 4; lastKnownFileType = sourcecode.c.h; path = NewsListCell.h; sourceTree = "<group>"; };
		5EA13ACF1B59DAE00098CD64 /* NewsListCell.m */ = {isa = PBXFileReference; fileEncoding = 4; lastKnownFileType = sourcecode.c.objc; path = NewsListCell.m; sourceTree = "<group>"; };
		5EA13AD11B59E5830098CD64 /* NewsMainViewController.h */ = {isa = PBXFileReference; fileEncoding = 4; lastKnownFileType = sourcecode.c.h; path = NewsMainViewController.h; sourceTree = "<group>"; };
		5EA13AD21B59E5830098CD64 /* NewsMainViewController.m */ = {isa = PBXFileReference; fileEncoding = 4; lastKnownFileType = sourcecode.c.objc; path = NewsMainViewController.m; sourceTree = "<group>"; };
		5EA13AD71B5B03BC0098CD64 /* UIColor+ListCellColor.h */ = {isa = PBXFileReference; fileEncoding = 4; lastKnownFileType = sourcecode.c.h; path = "UIColor+ListCellColor.h"; sourceTree = "<group>"; };
		5EA13AD81B5B03BC0098CD64 /* UIColor+ListCellColor.m */ = {isa = PBXFileReference; fileEncoding = 4; lastKnownFileType = sourcecode.c.objc; path = "UIColor+ListCellColor.m"; sourceTree = "<group>"; };
		5EA13ADA1B5B239F0098CD64 /* UIColor+ButtonColor.h */ = {isa = PBXFileReference; fileEncoding = 4; lastKnownFileType = sourcecode.c.h; path = "UIColor+ButtonColor.h"; sourceTree = "<group>"; };
		5EA13ADB1B5B239F0098CD64 /* UIColor+ButtonColor.m */ = {isa = PBXFileReference; fileEncoding = 4; lastKnownFileType = sourcecode.c.objc; path = "UIColor+ButtonColor.m"; sourceTree = "<group>"; };
		5EA13ADC1B5B239F0098CD64 /* FloatingButton.h */ = {isa = PBXFileReference; fileEncoding = 4; lastKnownFileType = sourcecode.c.h; path = FloatingButton.h; sourceTree = "<group>"; };
		5EA13ADD1B5B239F0098CD64 /* FloatingButton.m */ = {isa = PBXFileReference; fileEncoding = 4; lastKnownFileType = sourcecode.c.objc; path = FloatingButton.m; sourceTree = "<group>"; };
		5EA13ADE1B5B239F0098CD64 /* FloatingMenuController.h */ = {isa = PBXFileReference; fileEncoding = 4; lastKnownFileType = sourcecode.c.h; path = FloatingMenuController.h; sourceTree = "<group>"; };
		5EA13ADF1B5B239F0098CD64 /* FloatingMenuController.m */ = {isa = PBXFileReference; fileEncoding = 4; lastKnownFileType = sourcecode.c.objc; path = FloatingMenuController.m; sourceTree = "<group>"; };
		5EA13AE01B5B239F0098CD64 /* MenuDelegate.h */ = {isa = PBXFileReference; fileEncoding = 4; lastKnownFileType = sourcecode.c.h; path = MenuDelegate.h; sourceTree = "<group>"; };
		5EA13AE31B5B239F0098CD64 /* TapReceiverViewController.h */ = {isa = PBXFileReference; fileEncoding = 4; lastKnownFileType = sourcecode.c.h; path = TapReceiverViewController.h; sourceTree = "<group>"; };
		5EA13AE41B5B239F0098CD64 /* TapReceiverViewController.m */ = {isa = PBXFileReference; fileEncoding = 4; lastKnownFileType = sourcecode.c.objc; path = TapReceiverViewController.m; sourceTree = "<group>"; };
		5EBAAED21B5EF45A002F34B2 /* SavedArticle.h */ = {isa = PBXFileReference; fileEncoding = 4; lastKnownFileType = sourcecode.c.h; path = SavedArticle.h; sourceTree = "<group>"; };
		5EBAAED31B5EF45A002F34B2 /* SavedArticle.m */ = {isa = PBXFileReference; fileEncoding = 4; lastKnownFileType = sourcecode.c.objc; path = SavedArticle.m; sourceTree = "<group>"; };
		5ED314101B5DA545007F999B /* colour_tree.jpg */ = {isa = PBXFileReference; lastKnownFileType = image.jpeg; path = colour_tree.jpg; sourceTree = "<group>"; };
		5ED314121B5DA945007F999B /* hand_earth.png */ = {isa = PBXFileReference; lastKnownFileType = image.png; path = hand_earth.png; sourceTree = "<group>"; };
		5ED314141B5DB551007F999B /* many_hands.jpg */ = {isa = PBXFileReference; lastKnownFileType = image.jpeg; path = many_hands.jpg; sourceTree = "<group>"; };
		5ED314161B5DCC14007F999B /* hands_tree.png */ = {isa = PBXFileReference; lastKnownFileType = image.png; path = hands_tree.png; sourceTree = "<group>"; };
		5ED314181B5DD3D9007F999B /* convo_box.png */ = {isa = PBXFileReference; lastKnownFileType = image.png; path = convo_box.png; sourceTree = "<group>"; };
		5EDC94A11B5420FF007C0EE8 /* SignUpViewController.h */ = {isa = PBXFileReference; fileEncoding = 4; lastKnownFileType = sourcecode.c.h; path = SignUpViewController.h; sourceTree = "<group>"; };
		5EDC94A21B5420FF007C0EE8 /* SignUpViewController.m */ = {isa = PBXFileReference; fileEncoding = 4; lastKnownFileType = sourcecode.c.objc; path = SignUpViewController.m; sourceTree = "<group>"; };
		5EDC94A41B5422FE007C0EE8 /* Bolts.framework */ = {isa = PBXFileReference; lastKnownFileType = wrapper.framework; path = Bolts.framework; sourceTree = "<group>"; };
		5EDC94A51B5422FE007C0EE8 /* Parse.framework */ = {isa = PBXFileReference; lastKnownFileType = wrapper.framework; path = Parse.framework; sourceTree = "<group>"; };
		5EDC94A61B5422FE007C0EE8 /* ParseCrashReporting.framework */ = {isa = PBXFileReference; lastKnownFileType = wrapper.framework; path = ParseCrashReporting.framework; sourceTree = "<group>"; };
		5EDC94B01B542532007C0EE8 /* ProfileViewController.h */ = {isa = PBXFileReference; fileEncoding = 4; lastKnownFileType = sourcecode.c.h; path = ProfileViewController.h; sourceTree = "<group>"; };
		5EDC94B11B542532007C0EE8 /* ProfileViewController.m */ = {isa = PBXFileReference; fileEncoding = 4; lastKnownFileType = sourcecode.c.objc; path = ProfileViewController.m; sourceTree = "<group>"; };
		5EDC94B31B543DCF007C0EE8 /* User.h */ = {isa = PBXFileReference; fileEncoding = 4; lastKnownFileType = sourcecode.c.h; path = User.h; sourceTree = "<group>"; };
		5EDC94B41B543DCF007C0EE8 /* User.m */ = {isa = PBXFileReference; fileEncoding = 4; lastKnownFileType = sourcecode.c.objc; path = User.m; sourceTree = "<group>"; };
		5EDC94B61B545799007C0EE8 /* CoreData.framework */ = {isa = PBXFileReference; lastKnownFileType = wrapper.framework; name = CoreData.framework; path = System/Library/Frameworks/CoreData.framework; sourceTree = SDKROOT; };
		5EDC94B81B5458DC007C0EE8 /* CoreImage.framework */ = {isa = PBXFileReference; lastKnownFileType = wrapper.framework; name = CoreImage.framework; path = System/Library/Frameworks/CoreImage.framework; sourceTree = SDKROOT; };
		5EDC94BA1B5458E7007C0EE8 /* QuartzCore.framework */ = {isa = PBXFileReference; lastKnownFileType = wrapper.framework; name = QuartzCore.framework; path = System/Library/Frameworks/QuartzCore.framework; sourceTree = SDKROOT; };
		5EDC94BC1B545908007C0EE8 /* Foundation.framework */ = {isa = PBXFileReference; lastKnownFileType = wrapper.framework; name = Foundation.framework; path = System/Library/Frameworks/Foundation.framework; sourceTree = SDKROOT; };
		5EDC94BE1B54598F007C0EE8 /* SystemConfiguration.framework */ = {isa = PBXFileReference; lastKnownFileType = wrapper.framework; name = SystemConfiguration.framework; path = System/Library/Frameworks/SystemConfiguration.framework; sourceTree = SDKROOT; };
		5EDC94C01B545998007C0EE8 /* Security.framework */ = {isa = PBXFileReference; lastKnownFileType = wrapper.framework; name = Security.framework; path = System/Library/Frameworks/Security.framework; sourceTree = SDKROOT; };
		5EDC94C21B5459AD007C0EE8 /* libsqlite3.dylib */ = {isa = PBXFileReference; lastKnownFileType = "compiled.mach-o.dylib"; name = libsqlite3.dylib; path = usr/lib/libsqlite3.dylib; sourceTree = SDKROOT; };
		5EDC94C41B5459EB007C0EE8 /* AudioToolbox.framework */ = {isa = PBXFileReference; lastKnownFileType = wrapper.framework; name = AudioToolbox.framework; path = System/Library/Frameworks/AudioToolbox.framework; sourceTree = SDKROOT; };
		5EDC94C61B546805007C0EE8 /* AssetsLibrary.framework */ = {isa = PBXFileReference; lastKnownFileType = wrapper.framework; name = AssetsLibrary.framework; path = System/Library/Frameworks/AssetsLibrary.framework; sourceTree = SDKROOT; };
		5EDC94C81B547433007C0EE8 /* default_user.png */ = {isa = PBXFileReference; lastKnownFileType = image.png; path = default_user.png; sourceTree = "<group>"; };
		5EDC94CA1B548C5A007C0EE8 /* LoginViewController.h */ = {isa = PBXFileReference; fileEncoding = 4; lastKnownFileType = sourcecode.c.h; path = LoginViewController.h; sourceTree = "<group>"; };
		5EDC94CB1B548C5A007C0EE8 /* LoginViewController.m */ = {isa = PBXFileReference; fileEncoding = 4; lastKnownFileType = sourcecode.c.objc; path = LoginViewController.m; sourceTree = "<group>"; };
		5EDC94D01B554297007C0EE8 /* HomeViewController.h */ = {isa = PBXFileReference; fileEncoding = 4; lastKnownFileType = sourcecode.c.h; path = HomeViewController.h; sourceTree = "<group>"; };
		5EDC94D11B554297007C0EE8 /* HomeViewController.m */ = {isa = PBXFileReference; fileEncoding = 4; lastKnownFileType = sourcecode.c.objc; path = HomeViewController.m; sourceTree = "<group>"; };
		5EDC94D31B55AA46007C0EE8 /* heart.png */ = {isa = PBXFileReference; lastKnownFileType = image.png; path = heart.png; sourceTree = "<group>"; };
		FA52075D1B602F4F00D93AC6 /* CharityStoryboard.storyboard */ = {isa = PBXFileReference; fileEncoding = 4; lastKnownFileType = file.storyboard; path = CharityStoryboard.storyboard; sourceTree = "<group>"; };
		FA52075F1B60306400D93AC6 /* CharityDetailViewController.h */ = {isa = PBXFileReference; fileEncoding = 4; lastKnownFileType = sourcecode.c.h; path = CharityDetailViewController.h; sourceTree = "<group>"; };
		FA5207601B60306400D93AC6 /* CharityDetailViewController.m */ = {isa = PBXFileReference; fileEncoding = 4; lastKnownFileType = sourcecode.c.objc; path = CharityDetailViewController.m; sourceTree = "<group>"; };
		FA5625C21B64419200D14E5A /* APIKeys.h */ = {isa = PBXFileReference; lastKnownFileType = sourcecode.c.h; name = APIKeys.h; path = "Charity Search/APIKeys.h"; sourceTree = "<group>"; };
		FA8E50181B6AB02700FE9B64 /* DoSomethingAction.appex */ = {isa = PBXFileReference; explicitFileType = "wrapper.app-extension"; includeInIndex = 0; path = DoSomethingAction.appex; sourceTree = BUILT_PRODUCTS_DIR; };
		FA8E501B1B6AB02700FE9B64 /* Info.plist */ = {isa = PBXFileReference; lastKnownFileType = text.plist.xml; path = Info.plist; sourceTree = "<group>"; };
		FA8E501C1B6AB02700FE9B64 /* ActionViewController.h */ = {isa = PBXFileReference; lastKnownFileType = sourcecode.c.h; path = ActionViewController.h; sourceTree = "<group>"; };
		FA8E501D1B6AB02700FE9B64 /* ActionViewController.m */ = {isa = PBXFileReference; lastKnownFileType = sourcecode.c.objc; path = ActionViewController.m; sourceTree = "<group>"; };
		FA8E501F1B6AB02700FE9B64 /* MainInterface.storyboard */ = {isa = PBXFileReference; lastKnownFileType = file.storyboard; path = MainInterface.storyboard; sourceTree = "<group>"; };
		FA8E50281B6AD1BF00FE9B64 /* CharityCell.h */ = {isa = PBXFileReference; fileEncoding = 4; lastKnownFileType = sourcecode.c.h; path = CharityCell.h; sourceTree = "<group>"; };
		FA8E50291B6AD1BF00FE9B64 /* CharityCell.m */ = {isa = PBXFileReference; fileEncoding = 4; lastKnownFileType = sourcecode.c.objc; path = CharityCell.m; sourceTree = "<group>"; };
		FA8E502B1B6BD74B00FE9B64 /* CharityRanker.h */ = {isa = PBXFileReference; fileEncoding = 4; lastKnownFileType = sourcecode.c.h; path = CharityRanker.h; sourceTree = "<group>"; };
		FA8E502C1B6BD74B00FE9B64 /* CharityRanker.m */ = {isa = PBXFileReference; fileEncoding = 4; lastKnownFileType = sourcecode.c.objc; path = CharityRanker.m; sourceTree = "<group>"; };
		FABC0F3B1B5D4DF60025C851 /* Charity.h */ = {isa = PBXFileReference; fileEncoding = 4; lastKnownFileType = sourcecode.c.h; name = Charity.h; path = ../Charity.h; sourceTree = "<group>"; };
		FABC0F3C1B5D4DF70025C851 /* Charity.m */ = {isa = PBXFileReference; fileEncoding = 4; lastKnownFileType = sourcecode.c.objc; name = Charity.m; path = ../Charity.m; sourceTree = "<group>"; };
		FABC0F3E1B5D50390025C851 /* CharityData.h */ = {isa = PBXFileReference; fileEncoding = 4; lastKnownFileType = sourcecode.c.h; path = CharityData.h; sourceTree = "<group>"; };
		FABC0F3F1B5D50390025C851 /* CharityData.m */ = {isa = PBXFileReference; fileEncoding = 4; lastKnownFileType = sourcecode.c.objc; path = CharityData.m; sourceTree = "<group>"; };
		FAD7B9251B5D9C50002919E5 /* NewsItem.h */ = {isa = PBXFileReference; fileEncoding = 4; lastKnownFileType = sourcecode.c.h; name = NewsItem.h; path = ../NewsItem.h; sourceTree = "<group>"; };
		FAD7B9261B5D9C50002919E5 /* NewsItem.m */ = {isa = PBXFileReference; fileEncoding = 4; lastKnownFileType = sourcecode.c.objc; name = NewsItem.m; path = ../NewsItem.m; sourceTree = "<group>"; };
		FAE3C4BD1B6824FA00F822D4 /* CoreAudio.framework */ = {isa = PBXFileReference; lastKnownFileType = wrapper.framework; name = CoreAudio.framework; path = System/Library/Frameworks/CoreAudio.framework; sourceTree = SDKROOT; };
/* End PBXFileReference section */

/* Begin PBXFrameworksBuildPhase section */
		5E6B04231B443CB300AAA2FE /* Frameworks */ = {
			isa = PBXFrameworksBuildPhase;
			buildActionMask = 2147483647;
			files = (
				FAE3C4BF1B68259600F822D4 /* CoreAudio.framework in Frameworks */,
				5EDC94C71B546805007C0EE8 /* AssetsLibrary.framework in Frameworks */,
				5EDC94C31B5459AD007C0EE8 /* libsqlite3.dylib in Frameworks */,
				FA8E4FCC1B6827DB00FE9B64 /* AudioToolbox.framework in Frameworks */,
				5EDC94C11B545998007C0EE8 /* Security.framework in Frameworks */,
				5EDC94BF1B54598F007C0EE8 /* SystemConfiguration.framework in Frameworks */,
				5EDC94B71B545799007C0EE8 /* CoreData.framework in Frameworks */,
				5E6B04741B459BCC00AAA2FE /* MapKit.framework in Frameworks */,
				5EDC94AB1B5422FE007C0EE8 /* Parse.framework in Frameworks */,
				5EDC94AA1B5422FE007C0EE8 /* Bolts.framework in Frameworks */,
				5EDC94AC1B5422FE007C0EE8 /* ParseCrashReporting.framework in Frameworks */,
			);
			runOnlyForDeploymentPostprocessing = 0;
		};
		FA8E50151B6AB02700FE9B64 /* Frameworks */ = {
			isa = PBXFrameworksBuildPhase;
			buildActionMask = 2147483647;
			files = (
				FAA614B51B6C200E00CC95F1 /* Parse.framework in Frameworks */,
				FAA614C01B6C21DB00CC95F1 /* ParseCrashReporting.framework in Frameworks */,
				FAA614BF1B6C21DB00CC95F1 /* CoreData.framework in Frameworks */,
				FAA614BC1B6C21DB00CC95F1 /* Foundation.framework in Frameworks */,
				FAA614C11B6C21DB00CC95F1 /* MapKit.framework in Frameworks */,
				FAA614BD1B6C21DB00CC95F1 /* QuartzCore.framework in Frameworks */,
				FAA614BE1B6C21DB00CC95F1 /* CoreImage.framework in Frameworks */,
				FAA614BB1B6C21CE00CC95F1 /* SystemConfiguration.framework in Frameworks */,
				FAA614B91B6C21C200CC95F1 /* libsqlite3.dylib in Frameworks */,
				FAA614B61B6C202100CC95F1 /* Bolts.framework in Frameworks */,
				FAA614BA1B6C21C800CC95F1 /* AudioToolbox.framework in Frameworks */,
			);
			runOnlyForDeploymentPostprocessing = 0;
		};
/* End PBXFrameworksBuildPhase section */

/* Begin PBXGroup section */
		5E6B041D1B443CB300AAA2FE = {
			isa = PBXGroup;
			children = (
				FA5625C21B64419200D14E5A /* APIKeys.h */,
				FA8E50191B6AB02700FE9B64 /* DoSomethingAction */,
				5E89538F1B610D20005142D2 /* Frameworks */,
				5E6B04281B443CB300AAA2FE /* Charity Search */,
				5E6B04451B443CB300AAA2FE /* Charity SearchTests */,
				5E6B04271B443CB300AAA2FE /* Products */,
			);
			sourceTree = "<group>";
		};
		5E6B04271B443CB300AAA2FE /* Products */ = {
			isa = PBXGroup;
			children = (
				5E6B04261B443CB300AAA2FE /* Charity Search.app */,
				FA8E50181B6AB02700FE9B64 /* DoSomethingAction.appex */,
			);
			name = Products;
			sourceTree = "<group>";
		};
		5E6B04281B443CB300AAA2FE /* Charity Search */ = {
			isa = PBXGroup;
			children = (
				5E6B042D1B443CB300AAA2FE /* AppDelegate.h */,
				5E6B042E1B443CB300AAA2FE /* AppDelegate.m */,
				5E8953F61B66D55F005142D2 /* UIImage+ResizedIcon.h */,
				5E8953F71B66D55F005142D2 /* UIImage+ResizedIcon.m */,
				5E8CB9451B599F85008DCA9D /* Key.h */,
				5E8CB93D1B597836008DCA9D /* RSSParser */,
				FAD7B9281B5D9C67002919E5 /* Charity */,
				5E8CB91E1B596A69008DCA9D /* Login Flow */,
				5EA13AEA1B5B23A80098CD64 /* ToCharity Button */,
				5E89538E1B607A57005142D2 /* Storyboards */,
				5E8CB93E1B597892008DCA9D /* News Viewer */,
				5E8953D31B614752005142D2 /* Type images */,
				5ED314101B5DA545007F999B /* colour_tree.jpg */,
				5E8953E11B628FE6005142D2 /* icon-close.pdf */,
				5E6F236E1B60065000BA0085 /* cover_image.jpg */,
				5ED314121B5DA945007F999B /* hand_earth.png */,
				5ED314161B5DCC14007F999B /* hands_tree.png */,
				5ED314181B5DD3D9007F999B /* convo_box.png */,
				5E8953DF1B628910005142D2 /* launch_icon.jpg */,
				5ED314141B5DB551007F999B /* many_hands.jpg */,
				5EDC94D31B55AA46007C0EE8 /* heart.png */,
				5E6B04391B443CB300AAA2FE /* Images.xcassets */,
				5EDC94C81B547433007C0EE8 /* default_user.png */,
				5E6B043B1B443CB300AAA2FE /* LaunchScreen.xib */,
				5E6B04291B443CB300AAA2FE /* Supporting Files */,
			);
			path = "Charity Search";
			sourceTree = "<group>";
		};
		5E6B04291B443CB300AAA2FE /* Supporting Files */ = {
			isa = PBXGroup;
			children = (
				5E6B042A1B443CB300AAA2FE /* Info.plist */,
				5E6B042B1B443CB300AAA2FE /* main.m */,
			);
			name = "Supporting Files";
			sourceTree = "<group>";
		};
		5E6B04451B443CB300AAA2FE /* Charity SearchTests */ = {
			isa = PBXGroup;
			children = (
				5E6B04481B443CB300AAA2FE /* Rotten_MangoesTests.m */,
				5E6B04461B443CB300AAA2FE /* Supporting Files */,
			);
			name = "Charity SearchTests";
			path = "Rotten MangoesTests";
			sourceTree = "<group>";
		};
		5E6B04461B443CB300AAA2FE /* Supporting Files */ = {
			isa = PBXGroup;
			children = (
				5E6B04471B443CB300AAA2FE /* Info.plist */,
			);
			name = "Supporting Files";
			sourceTree = "<group>";
		};
		5E6F23781B6054B800BA0085 /* pusheen */ = {
			isa = PBXGroup;
			children = (
				5E6F23791B6054BF00BA0085 /* pusheen_hp4.png */,
				5E6F237A1B6054BF00BA0085 /* pusheen_hp5.png */,
				5E6F237B1B6054BF00BA0085 /* pusheen_hp3.png */,
				5E6F237C1B6054BF00BA0085 /* pusheen_hp6.png */,
				5E6F237D1B6054BF00BA0085 /* pusheen_hp2.png */,
				5E6F237E1B6054BF00BA0085 /* pusheen_hp1.png */,
				5E6F23701B60486300BA0085 /* pusheen2.png */,
				5E6F23711B60486300BA0085 /* pusheen4.png */,
				5E6F23721B60486300BA0085 /* pusheen1.png */,
				5E6F23731B60486300BA0085 /* pusheen3.png */,
				5E6F23851B6057DF00BA0085 /* pusheen_sad.png */,
				5E6F23891B605A2700BA0085 /* pusheen_angry.png */,
				5E6F23871B605A2300BA0085 /* pusheen_happy.png */,
			);
			name = pusheen;
			sourceTree = "<group>";
		};
		5E89538E1B607A57005142D2 /* Storyboards */ = {
			isa = PBXGroup;
			children = (
				FA52075D1B602F4F00D93AC6 /* CharityStoryboard.storyboard */,
				5E6B04361B443CB300AAA2FE /* Main.storyboard */,
			);
			name = Storyboards;
			sourceTree = "<group>";
		};
		5E89538F1B610D20005142D2 /* Frameworks */ = {
			isa = PBXGroup;
			children = (
				FAE3C4BD1B6824FA00F822D4 /* CoreAudio.framework */,
				5EDC94C61B546805007C0EE8 /* AssetsLibrary.framework */,
				5EDC94C41B5459EB007C0EE8 /* AudioToolbox.framework */,
				5EDC94C21B5459AD007C0EE8 /* libsqlite3.dylib */,
				5EDC94C01B545998007C0EE8 /* Security.framework */,
				5EDC94BE1B54598F007C0EE8 /* SystemConfiguration.framework */,
				5EDC94BC1B545908007C0EE8 /* Foundation.framework */,
				5EDC94BA1B5458E7007C0EE8 /* QuartzCore.framework */,
				5EDC94B81B5458DC007C0EE8 /* CoreImage.framework */,
				5EDC94B61B545799007C0EE8 /* CoreData.framework */,
				5EDC94A41B5422FE007C0EE8 /* Bolts.framework */,
				5EDC94A51B5422FE007C0EE8 /* Parse.framework */,
				5EDC94A61B5422FE007C0EE8 /* ParseCrashReporting.framework */,
				5E6B04731B459BCC00AAA2FE /* MapKit.framework */,
			);
			name = Frameworks;
			sourceTree = "<group>";
		};
		5E8953D31B614752005142D2 /* Type images */ = {
			isa = PBXGroup;
			children = (
				5E8953EF1B66D30C005142D2 /* profile.png */,
				5E8953F01B66D30C005142D2 /* suggested.png */,
				5E8953F11B66D30C005142D2 /* home.png */,
				5E8953F91B66D935005142D2 /* news.png */,
				5E8953C91B61473C005142D2 /* type_welfare.png */,
				5E8953CA1B61473C005142D2 /* type_religion.png */,
				5E8953CB1B61473C005142D2 /* type_community.png */,
				5E8953CC1B61473C005142D2 /* type_health.png */,
				5E8953CD1B61473C005142D2 /* type_education.png */,
			);
			name = "Type images";
			sourceTree = "<group>";
		};
		5E8CB91E1B596A69008DCA9D /* Login Flow */ = {
			isa = PBXGroup;
			children = (
				5E6F23781B6054B800BA0085 /* pusheen */,
				5EDC94D01B554297007C0EE8 /* HomeViewController.h */,
				5EDC94D11B554297007C0EE8 /* HomeViewController.m */,
				5EDC94A11B5420FF007C0EE8 /* SignUpViewController.h */,
				5EDC94A21B5420FF007C0EE8 /* SignUpViewController.m */,
				5EDC94CA1B548C5A007C0EE8 /* LoginViewController.h */,
				5EDC94CB1B548C5A007C0EE8 /* LoginViewController.m */,
				5E6F236B1B5FFC6700BA0085 /* LoginAnimateDelegate.h */,
				5EDC94B01B542532007C0EE8 /* ProfileViewController.h */,
				5EDC94B11B542532007C0EE8 /* ProfileViewController.m */,
				5E8CB91F1B596C8E008DCA9D /* ForgotPswdViewController.h */,
				5E8CB9201B596C8E008DCA9D /* ForgotPswdViewController.m */,
				5EDC94B31B543DCF007C0EE8 /* User.h */,
				5EDC94B41B543DCF007C0EE8 /* User.m */,
			);
			name = "Login Flow";
			sourceTree = "<group>";
		};
		5E8CB93D1B597836008DCA9D /* RSSParser */ = {
			isa = PBXGroup;
			children = (
				5E8CB9241B59782F008DCA9D /* GTMNSString+HTML.h */,
				5E8CB9251B59782F008DCA9D /* GTMNSString+HTML.m */,
				5E8CB9261B59782F008DCA9D /* MWFeedInfo.h */,
				5E8CB9271B59782F008DCA9D /* MWFeedInfo.m */,
				5E8CB9281B59782F008DCA9D /* MWFeedItem.h */,
				5E8CB9291B59782F008DCA9D /* MWFeedItem.m */,
				5E8CB92A1B59782F008DCA9D /* MWFeedParser_Private.h */,
				5E8CB92B1B59782F008DCA9D /* MWFeedParser.h */,
				5E8CB92C1B59782F008DCA9D /* MWFeedParser.m */,
				5E8CB92D1B59782F008DCA9D /* MWFeedParserAppDelegate.h */,
				5E8CB92E1B59782F008DCA9D /* MWFeedParserAppDelegate.m */,
				5E8CB92F1B59782F008DCA9D /* NSDate+InternetDateTime.h */,
				5E8CB9301B59782F008DCA9D /* NSDate+InternetDateTime.m */,
				5E8CB9311B59782F008DCA9D /* NSString+HTML.h */,
				5E8CB9321B59782F008DCA9D /* NSString+HTML.m */,
				5E8CB9331B59782F008DCA9D /* NSString+XMLEntities.h */,
				5E8CB9341B59782F008DCA9D /* NSString+XMLEntities.m */,
			);
			name = RSSParser;
			sourceTree = "<group>";
		};
		5E8CB93E1B597892008DCA9D /* News Viewer */ = {
			isa = PBXGroup;
			children = (
				5E8954951B6803AB005142D2 /* HeaderView.h */,
				5E8954961B6803AB005142D2 /* HeaderView.m */,
				5EBAAED21B5EF45A002F34B2 /* SavedArticle.h */,
				5EBAAED31B5EF45A002F34B2 /* SavedArticle.m */,
				FAD7B9251B5D9C50002919E5 /* NewsItem.h */,
				FAD7B9261B5D9C50002919E5 /* NewsItem.m */,
				5EA13AD71B5B03BC0098CD64 /* UIColor+ListCellColor.h */,
				5EA13AD81B5B03BC0098CD64 /* UIColor+ListCellColor.m */,
				5EA13AD11B59E5830098CD64 /* NewsMainViewController.h */,
				5EA13AD21B59E5830098CD64 /* NewsMainViewController.m */,
				5E8953FB1B66F0AC005142D2 /* FeedCategory.h */,
				5E8953FC1B66F0AC005142D2 /* FeedCategory.m */,
				5EA13ACB1B59D6EC0098CD64 /* NewsListViewController.h */,
				5EA13ACC1B59D6EC0098CD64 /* NewsListViewController.m */,
				5EA13AC81B59D5F00098CD64 /* NewsDetailViewController.h */,
				5EA13AC91B59D5F00098CD64 /* NewsDetailViewController.m */,
				FA8E502B1B6BD74B00FE9B64 /* CharityRanker.h */,
				FA8E502C1B6BD74B00FE9B64 /* CharityRanker.m */,
				5EA13ACE1B59DAE00098CD64 /* NewsListCell.h */,
				5EA13ACF1B59DAE00098CD64 /* NewsListCell.m */,
				5E8953901B611195005142D2 /* PopularCell.h */,
				5E8953911B611195005142D2 /* PopularCell.m */,
				5E6B04581B44559500AAA2FE /* DetailNewsCell.h */,
				5E6B04591B44559500AAA2FE /* DetailNewsCell.m */,
			);
			name = "News Viewer";
			sourceTree = "<group>";
		};
		5EA13AEA1B5B23A80098CD64 /* ToCharity Button */ = {
			isa = PBXGroup;
			children = (
				5EA13ADA1B5B239F0098CD64 /* UIColor+ButtonColor.h */,
				5EA13ADB1B5B239F0098CD64 /* UIColor+ButtonColor.m */,
				5EA13ADC1B5B239F0098CD64 /* FloatingButton.h */,
				5EA13ADD1B5B239F0098CD64 /* FloatingButton.m */,
				5EA13ADE1B5B239F0098CD64 /* FloatingMenuController.h */,
				5EA13ADF1B5B239F0098CD64 /* FloatingMenuController.m */,
				5EA13AE01B5B239F0098CD64 /* MenuDelegate.h */,
				5EA13AE31B5B239F0098CD64 /* TapReceiverViewController.h */,
				5EA13AE41B5B239F0098CD64 /* TapReceiverViewController.m */,
			);
			name = "ToCharity Button";
			sourceTree = "<group>";
		};
		FA8E50191B6AB02700FE9B64 /* DoSomethingAction */ = {
			isa = PBXGroup;
			children = (
				FA8E50281B6AD1BF00FE9B64 /* CharityCell.h */,
				FA8E50291B6AD1BF00FE9B64 /* CharityCell.m */,
				FA8E501C1B6AB02700FE9B64 /* ActionViewController.h */,
				FA8E501D1B6AB02700FE9B64 /* ActionViewController.m */,
				FA8E501F1B6AB02700FE9B64 /* MainInterface.storyboard */,
				FA8E501A1B6AB02700FE9B64 /* Supporting Files */,
			);
			path = DoSomethingAction;
			sourceTree = "<group>";
		};
		FA8E501A1B6AB02700FE9B64 /* Supporting Files */ = {
			isa = PBXGroup;
			children = (
				FA8E501B1B6AB02700FE9B64 /* Info.plist */,
			);
			name = "Supporting Files";
			sourceTree = "<group>";
		};
		FAD7B9281B5D9C67002919E5 /* Charity */ = {
			isa = PBXGroup;
			children = (
				FABC0F3B1B5D4DF60025C851 /* Charity.h */,
				FABC0F3C1B5D4DF70025C851 /* Charity.m */,
				FABC0F3E1B5D50390025C851 /* CharityData.h */,
				FABC0F3F1B5D50390025C851 /* CharityData.m */,
				FA52075F1B60306400D93AC6 /* CharityDetailViewController.h */,
				FA5207601B60306400D93AC6 /* CharityDetailViewController.m */,
				5E8954981B680DCF005142D2 /* hands_two.jpg */,
				5E11ACAA1B5D8E3000CB4A35 /* PopularCharitiesViewController.h */,
				5E11ACAB1B5D8E3000CB4A35 /* PopularCharitiesViewController.m */,
				5E8953D41B61551E005142D2 /* PopularDetailViewController.h */,
				5E8953D51B61551E005142D2 /* PopularDetailViewController.m */,
				5E8953D91B61C3A8005142D2 /* OptionMenuController.h */,
				5E8953DA1B61C3A8005142D2 /* OptionMenuController.m */,
				5E8953DC1B61C7D9005142D2 /* CharitySortDelegate.h */,
			);
			name = Charity;
			sourceTree = "<group>";
		};
/* End PBXGroup section */

/* Begin PBXNativeTarget section */
		5E6B04251B443CB300AAA2FE /* Charity Search */ = {
			isa = PBXNativeTarget;
			buildConfigurationList = 5E6B044C1B443CB300AAA2FE /* Build configuration list for PBXNativeTarget "Charity Search" */;
			buildPhases = (
				5E6B04221B443CB300AAA2FE /* Sources */,
				5E6B04231B443CB300AAA2FE /* Frameworks */,
				5E6B04241B443CB300AAA2FE /* Resources */,
				FA8E50271B6AB02700FE9B64 /* Embed App Extensions */,
			);
			buildRules = (
			);
			dependencies = (
				FA8E50221B6AB02700FE9B64 /* PBXTargetDependency */,
			);
			name = "Charity Search";
			productName = "Rotten Mangoes";
			productReference = 5E6B04261B443CB300AAA2FE /* Charity Search.app */;
			productType = "com.apple.product-type.application";
		};
		FA8E50171B6AB02700FE9B64 /* DoSomethingAction */ = {
			isa = PBXNativeTarget;
			buildConfigurationList = FA8E50241B6AB02700FE9B64 /* Build configuration list for PBXNativeTarget "DoSomethingAction" */;
			buildPhases = (
				FA8E50141B6AB02700FE9B64 /* Sources */,
				FA8E50151B6AB02700FE9B64 /* Frameworks */,
				FA8E50161B6AB02700FE9B64 /* Resources */,
			);
			buildRules = (
			);
			dependencies = (
			);
			name = DoSomethingAction;
			productName = DoSomethingAction;
			productReference = FA8E50181B6AB02700FE9B64 /* DoSomethingAction.appex */;
			productType = "com.apple.product-type.app-extension";
		};
/* End PBXNativeTarget section */

/* Begin PBXProject section */
		5E6B041E1B443CB300AAA2FE /* Project object */ = {
			isa = PBXProject;
			attributes = {
				LastUpgradeCheck = 0630;
				ORGANIZATIONNAME = "Chelsea Liu";
				TargetAttributes = {
					5E6B04251B443CB300AAA2FE = {
						CreatedOnToolsVersion = 6.3.2;
					};
					FA8E50171B6AB02700FE9B64 = {
						CreatedOnToolsVersion = 6.4;
						DevelopmentTeam = ZTR68ZN56A;
						SystemCapabilities = {
							com.apple.ApplicationGroups.iOS = {
								enabled = 1;
							};
						};
					};
				};
			};
			buildConfigurationList = 5E6B04211B443CB300AAA2FE /* Build configuration list for PBXProject "Charity Search" */;
			compatibilityVersion = "Xcode 3.2";
			developmentRegion = English;
			hasScannedForEncodings = 0;
			knownRegions = (
				en,
				Base,
			);
			mainGroup = 5E6B041D1B443CB300AAA2FE;
			productRefGroup = 5E6B04271B443CB300AAA2FE /* Products */;
			projectDirPath = "";
			projectRoot = "";
			targets = (
				5E6B04251B443CB300AAA2FE /* Charity Search */,
				FA8E50171B6AB02700FE9B64 /* DoSomethingAction */,
			);
		};
/* End PBXProject section */

/* Begin PBXResourcesBuildPhase section */
		5E6B04241B443CB300AAA2FE /* Resources */ = {
			isa = PBXResourcesBuildPhase;
			buildActionMask = 2147483647;
			files = (
				5E6F23771B60486300BA0085 /* pusheen3.png in Resources */,
				5E8CB9231B597289008DCA9D /* LaunchScreen.xib in Resources */,
				5E8953E21B628FE6005142D2 /* icon-close.pdf in Resources */,
				5E8954991B680DCF005142D2 /* hands_two.jpg in Resources */,
				5E6F23811B6054BF00BA0085 /* pusheen_hp3.png in Resources */,
				5E6F236F1B60065000BA0085 /* cover_image.jpg in Resources */,
				5ED314111B5DA545007F999B /* colour_tree.jpg in Resources */,
				5E8953F41B66D30C005142D2 /* suggested.png in Resources */,
				5E8CB9221B597236008DCA9D /* Main.storyboard in Resources */,
				5E8953CF1B61473C005142D2 /* type_religion.png in Resources */,
				5E6F237F1B6054BF00BA0085 /* pusheen_hp4.png in Resources */,
				5E6F23831B6054BF00BA0085 /* pusheen_hp2.png in Resources */,
				FA52075E1B602F4F00D93AC6 /* CharityStoryboard.storyboard in Resources */,
				5EDC94C91B547433007C0EE8 /* default_user.png in Resources */,
				5E6F23861B6057DF00BA0085 /* pusheen_sad.png in Resources */,
				5ED314171B5DCC14007F999B /* hands_tree.png in Resources */,
				5E6F23761B60486300BA0085 /* pusheen1.png in Resources */,
				5E6F23841B6054BF00BA0085 /* pusheen_hp1.png in Resources */,
				5E6F23801B6054BF00BA0085 /* pusheen_hp5.png in Resources */,
				5E8953D21B61473C005142D2 /* type_education.png in Resources */,
				5E6F23821B6054BF00BA0085 /* pusheen_hp6.png in Resources */,
				5E8953FA1B66D935005142D2 /* news.png in Resources */,
				5E8953F51B66D30C005142D2 /* home.png in Resources */,
				5E8953CE1B61473C005142D2 /* type_welfare.png in Resources */,
				5EDC94D41B55AA46007C0EE8 /* heart.png in Resources */,
				5ED314191B5DD3D9007F999B /* convo_box.png in Resources */,
				5E6F23881B605A2300BA0085 /* pusheen_happy.png in Resources */,
				5E6B043A1B443CB300AAA2FE /* Images.xcassets in Resources */,
				5E6F23751B60486300BA0085 /* pusheen4.png in Resources */,
				5E8953E01B628910005142D2 /* launch_icon.jpg in Resources */,
				5E8953F31B66D30C005142D2 /* profile.png in Resources */,
				5E8953D01B61473C005142D2 /* type_community.png in Resources */,
				5E8953D11B61473C005142D2 /* type_health.png in Resources */,
				5E6F238A1B605A2700BA0085 /* pusheen_angry.png in Resources */,
				5E6F23741B60486300BA0085 /* pusheen2.png in Resources */,
				5ED314131B5DA945007F999B /* hand_earth.png in Resources */,
				5ED314151B5DB551007F999B /* many_hands.jpg in Resources */,
			);
			runOnlyForDeploymentPostprocessing = 0;
		};
		FA8E50161B6AB02700FE9B64 /* Resources */ = {
			isa = PBXResourcesBuildPhase;
			buildActionMask = 2147483647;
			files = (
				FA8E50201B6AB02700FE9B64 /* MainInterface.storyboard in Resources */,
			);
			runOnlyForDeploymentPostprocessing = 0;
		};
/* End PBXResourcesBuildPhase section */

/* Begin PBXSourcesBuildPhase section */
		5E6B04221B443CB300AAA2FE /* Sources */ = {
			isa = PBXSourcesBuildPhase;
			buildActionMask = 2147483647;
			files = (
				5EBAAED41B5EF45A002F34B2 /* SavedArticle.m in Sources */,
				5E8CB93C1B59782F008DCA9D /* NSString+XMLEntities.m in Sources */,
				5EA13AE61B5B239F0098CD64 /* FloatingButton.m in Sources */,
				5EA13AD01B59DAE00098CD64 /* NewsListCell.m in Sources */,
				FAD7B9271B5D9C50002919E5 /* NewsItem.m in Sources */,
				5EDC94CC1B548C5A007C0EE8 /* LoginViewController.m in Sources */,
				5E6B042F1B443CB300AAA2FE /* AppDelegate.m in Sources */,
				5E8953F81B66D55F005142D2 /* UIImage+ResizedIcon.m in Sources */,
				5EA13AE71B5B239F0098CD64 /* FloatingMenuController.m in Sources */,
				5EA13ACA1B59D5F00098CD64 /* NewsDetailViewController.m in Sources */,
				5E8CB9391B59782F008DCA9D /* MWFeedParserAppDelegate.m in Sources */,
				5EDC94D21B554297007C0EE8 /* HomeViewController.m in Sources */,
				5E8953D61B61551E005142D2 /* PopularDetailViewController.m in Sources */,
				5E8954971B6803AB005142D2 /* HeaderView.m in Sources */,
				5E8953921B611195005142D2 /* PopularCell.m in Sources */,
				5E6B045A1B44559500AAA2FE /* DetailNewsCell.m in Sources */,
				5E8CB9381B59782F008DCA9D /* MWFeedParser.m in Sources */,
				5E8CB93A1B59782F008DCA9D /* NSDate+InternetDateTime.m in Sources */,
				5EDC94A31B5420FF007C0EE8 /* SignUpViewController.m in Sources */,
				FA8E502D1B6BD74B00FE9B64 /* CharityRanker.m in Sources */,
				5E8CB9211B596C8E008DCA9D /* ForgotPswdViewController.m in Sources */,
				5E8953DB1B61C3A8005142D2 /* OptionMenuController.m in Sources */,
				5E8CB93B1B59782F008DCA9D /* NSString+HTML.m in Sources */,
				5EA13AE91B5B239F0098CD64 /* TapReceiverViewController.m in Sources */,
				5E8CB9361B59782F008DCA9D /* MWFeedInfo.m in Sources */,
				FABC0F401B5D50390025C851 /* CharityData.m in Sources */,
				5EA13AD91B5B03BC0098CD64 /* UIColor+ListCellColor.m in Sources */,
				5E11ACAC1B5D8E3000CB4A35 /* PopularCharitiesViewController.m in Sources */,
				5E8CB9371B59782F008DCA9D /* MWFeedItem.m in Sources */,
				5EDC94B51B543DCF007C0EE8 /* User.m in Sources */,
				5EA13ACD1B59D6EC0098CD64 /* NewsListViewController.m in Sources */,
				5EA13AD31B59E5830098CD64 /* NewsMainViewController.m in Sources */,
				5EDC94B21B542532007C0EE8 /* ProfileViewController.m in Sources */,
				5E8953FD1B66F0AC005142D2 /* FeedCategory.m in Sources */,
				FABC0F3D1B5D4DF70025C851 /* Charity.m in Sources */,
				5E8CB9351B59782F008DCA9D /* GTMNSString+HTML.m in Sources */,
				5E6B042C1B443CB300AAA2FE /* main.m in Sources */,
				FA5207611B60306400D93AC6 /* CharityDetailViewController.m in Sources */,
				5EA13AE51B5B239F0098CD64 /* UIColor+ButtonColor.m in Sources */,
			);
			runOnlyForDeploymentPostprocessing = 0;
		};
		FA8E50141B6AB02700FE9B64 /* Sources */ = {
			isa = PBXSourcesBuildPhase;
			buildActionMask = 2147483647;
			files = (
				FAA614B81B6C21A800CC95F1 /* NewsItem.m in Sources */,
				FAE36E301B71661B00C235EA /* CharityRanker.m in Sources */,
				FA8E502A1B6AD1BF00FE9B64 /* CharityCell.m in Sources */,
				FA8E501E1B6AB02700FE9B64 /* ActionViewController.m in Sources */,
				FAA614C21B6C28D900CC95F1 /* Charity.m in Sources */,
			);
			runOnlyForDeploymentPostprocessing = 0;
		};
/* End PBXSourcesBuildPhase section */

/* Begin PBXTargetDependency section */
		FA8E50221B6AB02700FE9B64 /* PBXTargetDependency */ = {
			isa = PBXTargetDependency;
			target = FA8E50171B6AB02700FE9B64 /* DoSomethingAction */;
			targetProxy = FA8E50211B6AB02700FE9B64 /* PBXContainerItemProxy */;
		};
/* End PBXTargetDependency section */

/* Begin PBXVariantGroup section */
		5E6B04361B443CB300AAA2FE /* Main.storyboard */ = {
			isa = PBXVariantGroup;
			children = (
				5E6B04371B443CB300AAA2FE /* Base */,
			);
			name = Main.storyboard;
			sourceTree = "<group>";
		};
		5E6B043B1B443CB300AAA2FE /* LaunchScreen.xib */ = {
			isa = PBXVariantGroup;
			children = (
				5E6B043C1B443CB300AAA2FE /* Base */,
			);
			name = LaunchScreen.xib;
			sourceTree = "<group>";
		};
/* End PBXVariantGroup section */

/* Begin XCBuildConfiguration section */
		5E6B044A1B443CB300AAA2FE /* Debug */ = {
			isa = XCBuildConfiguration;
			buildSettings = {
				ALWAYS_SEARCH_USER_PATHS = NO;
				CLANG_CXX_LANGUAGE_STANDARD = "gnu++0x";
				CLANG_CXX_LIBRARY = "libc++";
				CLANG_ENABLE_MODULES = YES;
				CLANG_ENABLE_OBJC_ARC = YES;
				CLANG_WARN_BOOL_CONVERSION = YES;
				CLANG_WARN_CONSTANT_CONVERSION = YES;
				CLANG_WARN_DIRECT_OBJC_ISA_USAGE = YES_ERROR;
				CLANG_WARN_EMPTY_BODY = YES;
				CLANG_WARN_ENUM_CONVERSION = YES;
				CLANG_WARN_INT_CONVERSION = YES;
				CLANG_WARN_OBJC_ROOT_CLASS = YES_ERROR;
				CLANG_WARN_UNREACHABLE_CODE = YES;
				CLANG_WARN__DUPLICATE_METHOD_MATCH = YES;
				"CODE_SIGN_IDENTITY[sdk=iphoneos*]" = "iPhone Developer";
				COPY_PHASE_STRIP = NO;
				DEBUG_INFORMATION_FORMAT = "dwarf-with-dsym";
				ENABLE_STRICT_OBJC_MSGSEND = YES;
				GCC_C_LANGUAGE_STANDARD = gnu99;
				GCC_DYNAMIC_NO_PIC = NO;
				GCC_NO_COMMON_BLOCKS = YES;
				GCC_OPTIMIZATION_LEVEL = 0;
				GCC_PREPROCESSOR_DEFINITIONS = (
					"DEBUG=1",
					"$(inherited)",
				);
				GCC_SYMBOLS_PRIVATE_EXTERN = NO;
				GCC_WARN_64_TO_32_BIT_CONVERSION = YES;
				GCC_WARN_ABOUT_RETURN_TYPE = YES_ERROR;
				GCC_WARN_UNDECLARED_SELECTOR = YES;
				GCC_WARN_UNINITIALIZED_AUTOS = YES_AGGRESSIVE;
				GCC_WARN_UNUSED_FUNCTION = YES;
				GCC_WARN_UNUSED_VARIABLE = YES;
				IPHONEOS_DEPLOYMENT_TARGET = 8.3;
				MTL_ENABLE_DEBUG_INFO = YES;
				ONLY_ACTIVE_ARCH = YES;
				SDKROOT = iphoneos;
			};
			name = Debug;
		};
		5E6B044B1B443CB300AAA2FE /* Release */ = {
			isa = XCBuildConfiguration;
			buildSettings = {
				ALWAYS_SEARCH_USER_PATHS = NO;
				CLANG_CXX_LANGUAGE_STANDARD = "gnu++0x";
				CLANG_CXX_LIBRARY = "libc++";
				CLANG_ENABLE_MODULES = YES;
				CLANG_ENABLE_OBJC_ARC = YES;
				CLANG_WARN_BOOL_CONVERSION = YES;
				CLANG_WARN_CONSTANT_CONVERSION = YES;
				CLANG_WARN_DIRECT_OBJC_ISA_USAGE = YES_ERROR;
				CLANG_WARN_EMPTY_BODY = YES;
				CLANG_WARN_ENUM_CONVERSION = YES;
				CLANG_WARN_INT_CONVERSION = YES;
				CLANG_WARN_OBJC_ROOT_CLASS = YES_ERROR;
				CLANG_WARN_UNREACHABLE_CODE = YES;
				CLANG_WARN__DUPLICATE_METHOD_MATCH = YES;
				"CODE_SIGN_IDENTITY[sdk=iphoneos*]" = "iPhone Developer";
				COPY_PHASE_STRIP = NO;
				DEBUG_INFORMATION_FORMAT = "dwarf-with-dsym";
				ENABLE_NS_ASSERTIONS = NO;
				ENABLE_STRICT_OBJC_MSGSEND = YES;
				GCC_C_LANGUAGE_STANDARD = gnu99;
				GCC_NO_COMMON_BLOCKS = YES;
				GCC_WARN_64_TO_32_BIT_CONVERSION = YES;
				GCC_WARN_ABOUT_RETURN_TYPE = YES_ERROR;
				GCC_WARN_UNDECLARED_SELECTOR = YES;
				GCC_WARN_UNINITIALIZED_AUTOS = YES_AGGRESSIVE;
				GCC_WARN_UNUSED_FUNCTION = YES;
				GCC_WARN_UNUSED_VARIABLE = YES;
				IPHONEOS_DEPLOYMENT_TARGET = 8.3;
				MTL_ENABLE_DEBUG_INFO = NO;
				SDKROOT = iphoneos;
				VALIDATE_PRODUCT = YES;
			};
			name = Release;
		};
		5E6B044D1B443CB300AAA2FE /* Debug */ = {
			isa = XCBuildConfiguration;
			buildSettings = {
				ASSETCATALOG_COMPILER_APPICON_NAME = AppIcon;
				CLANG_ENABLE_MODULES = YES;
				FRAMEWORK_SEARCH_PATHS = (
					"$(inherited)",
					"$(PROJECT_DIR)",
				);
				INFOPLIST_FILE = "$(SRCROOT)/Charity Search/Info.plist";
				LD_RUNPATH_SEARCH_PATHS = "$(inherited) @executable_path/Frameworks";
				PRODUCT_NAME = "Charity Search";
				SWIFT_OBJC_BRIDGING_HEADER = "Charity Search/Charity Search-Bridging-Header.h";
				SWIFT_OPTIMIZATION_LEVEL = "-Onone";
			};
			name = Debug;
		};
		5E6B044E1B443CB300AAA2FE /* Release */ = {
			isa = XCBuildConfiguration;
			buildSettings = {
				ASSETCATALOG_COMPILER_APPICON_NAME = AppIcon;
				CLANG_ENABLE_MODULES = YES;
				FRAMEWORK_SEARCH_PATHS = (
					"$(inherited)",
					"$(PROJECT_DIR)",
				);
				INFOPLIST_FILE = "$(SRCROOT)/Charity Search/Info.plist";
				LD_RUNPATH_SEARCH_PATHS = "$(inherited) @executable_path/Frameworks";
				PRODUCT_NAME = "Charity Search";
				SWIFT_OBJC_BRIDGING_HEADER = "Charity Search/Charity Search-Bridging-Header.h";
			};
			name = Release;
		};
		FA8E50251B6AB02700FE9B64 /* Debug */ = {
			isa = XCBuildConfiguration;
			buildSettings = {
				CODE_SIGN_ENTITLEMENTS = DoSomethingAction/DoSomethingAction.entitlements;
				CODE_SIGN_IDENTITY = "iPhone Developer";
				"CODE_SIGN_IDENTITY[sdk=iphoneos*]" = "iPhone Developer";
				FRAMEWORK_SEARCH_PATHS = (
					"$(inherited)",
					"$(PROJECT_DIR)",
				);
				GCC_PREPROCESSOR_DEFINITIONS = (
					"DEBUG=1",
					"$(inherited)",
				);
				INFOPLIST_FILE = DoSomethingAction/Info.plist;
				IPHONEOS_DEPLOYMENT_TARGET = 8.4;
				LD_RUNPATH_SEARCH_PATHS = "$(inherited) @executable_path/Frameworks @executable_path/../../Frameworks";
				PRODUCT_NAME = "$(TARGET_NAME)";
				PROVISIONING_PROFILE = "";
				SKIP_INSTALL = YES;
			};
			name = Debug;
		};
		FA8E50261B6AB02700FE9B64 /* Release */ = {
			isa = XCBuildConfiguration;
			buildSettings = {
				CODE_SIGN_ENTITLEMENTS = DoSomethingAction/DoSomethingAction.entitlements;
				CODE_SIGN_IDENTITY = "iPhone Developer";
				"CODE_SIGN_IDENTITY[sdk=iphoneos*]" = "iPhone Developer";
				FRAMEWORK_SEARCH_PATHS = (
					"$(inherited)",
					"$(PROJECT_DIR)",
				);
				INFOPLIST_FILE = DoSomethingAction/Info.plist;
				IPHONEOS_DEPLOYMENT_TARGET = 8.4;
				LD_RUNPATH_SEARCH_PATHS = "$(inherited) @executable_path/Frameworks @executable_path/../../Frameworks";
				PRODUCT_NAME = "$(TARGET_NAME)";
				PROVISIONING_PROFILE = "";
				SKIP_INSTALL = YES;
			};
			name = Release;
		};
/* End XCBuildConfiguration section */

/* Begin XCConfigurationList section */
		5E6B04211B443CB300AAA2FE /* Build configuration list for PBXProject "Charity Search" */ = {
			isa = XCConfigurationList;
			buildConfigurations = (
				5E6B044A1B443CB300AAA2FE /* Debug */,
				5E6B044B1B443CB300AAA2FE /* Release */,
			);
			defaultConfigurationIsVisible = 0;
			defaultConfigurationName = Release;
		};
		5E6B044C1B443CB300AAA2FE /* Build configuration list for PBXNativeTarget "Charity Search" */ = {
			isa = XCConfigurationList;
			buildConfigurations = (
				5E6B044D1B443CB300AAA2FE /* Debug */,
				5E6B044E1B443CB300AAA2FE /* Release */,
			);
			defaultConfigurationIsVisible = 0;
			defaultConfigurationName = Release;
		};
		FA8E50241B6AB02700FE9B64 /* Build configuration list for PBXNativeTarget "DoSomethingAction" */ = {
			isa = XCConfigurationList;
			buildConfigurations = (
				FA8E50251B6AB02700FE9B64 /* Debug */,
				FA8E50261B6AB02700FE9B64 /* Release */,
			);
			defaultConfigurationIsVisible = 0;
			defaultConfigurationName = Release;
		};
/* End XCConfigurationList section */
	};
	rootObject = 5E6B041E1B443CB300AAA2FE /* Project object */;
}
